// !$*UTF8*$!
{
	archiveVersion = 1;
	classes = {
	};
	objectVersion = 46;
	objects = {

/* Begin PBXBuildFile section */
		D715EAF916D275F600C9D60D /* ShiViewController.m in Sources */ = {isa = PBXBuildFile; fileRef = D715EAF816D275F600C9D60D /* ShiViewController.m */; };
		D715EAFC16D2760F00C9D60D /* MoneyViewController.m in Sources */ = {isa = PBXBuildFile; fileRef = D715EAFB16D2760F00C9D60D /* MoneyViewController.m */; };
		D715EAFF16D2763900C9D60D /* QiuViewController.m in Sources */ = {isa = PBXBuildFile; fileRef = D715EAFE16D2763900C9D60D /* QiuViewController.m */; };
		D715EB0216D2764D00C9D60D /* MyViewController.m in Sources */ = {isa = PBXBuildFile; fileRef = D715EB0116D2764D00C9D60D /* MyViewController.m */; };
		D720654C16D22037001A19CA /* UIKit.framework in Frameworks */ = {isa = PBXBuildFile; fileRef = D720654B16D22037001A19CA /* UIKit.framework */; };
		D720654E16D22037001A19CA /* Foundation.framework in Frameworks */ = {isa = PBXBuildFile; fileRef = D720654D16D22037001A19CA /* Foundation.framework */; };
		D720655016D22037001A19CA /* CoreGraphics.framework in Frameworks */ = {isa = PBXBuildFile; fileRef = D720654F16D22037001A19CA /* CoreGraphics.framework */; };
		D720655616D22037001A19CA /* InfoPlist.strings in Resources */ = {isa = PBXBuildFile; fileRef = D720655416D22037001A19CA /* InfoPlist.strings */; };
		D720655816D22037001A19CA /* main.m in Sources */ = {isa = PBXBuildFile; fileRef = D720655716D22037001A19CA /* main.m */; };
		D720655C16D22037001A19CA /* AppDelegate.m in Sources */ = {isa = PBXBuildFile; fileRef = D720655B16D22037001A19CA /* AppDelegate.m */; };
		D720655E16D22037001A19CA /* Default.png in Resources */ = {isa = PBXBuildFile; fileRef = D720655D16D22037001A19CA /* Default.png */; };
		D720656016D22037001A19CA /* Default@2x.png in Resources */ = {isa = PBXBuildFile; fileRef = D720655F16D22037001A19CA /* Default@2x.png */; };
		D720656216D22037001A19CA /* Default-568h@2x.png in Resources */ = {isa = PBXBuildFile; fileRef = D720656116D22037001A19CA /* Default-568h@2x.png */; };
		D720656A16D2207B001A19CA /* FirstViewController.m in Sources */ = {isa = PBXBuildFile; fileRef = D720656916D2207B001A19CA /* FirstViewController.m */; };
/* End PBXBuildFile section */

/* Begin PBXFileReference section */
		D715EAF716D275F600C9D60D /* ShiViewController.h */ = {isa = PBXFileReference; fileEncoding = 4; lastKnownFileType = sourcecode.c.h; path = ShiViewController.h; sourceTree = "<group>"; };
		D715EAF816D275F600C9D60D /* ShiViewController.m */ = {isa = PBXFileReference; fileEncoding = 4; lastKnownFileType = sourcecode.c.objc; path = ShiViewController.m; sourceTree = "<group>"; };
		D715EAFA16D2760F00C9D60D /* MoneyViewController.h */ = {isa = PBXFileReference; fileEncoding = 4; lastKnownFileType = sourcecode.c.h; path = MoneyViewController.h; sourceTree = "<group>"; };
		D715EAFB16D2760F00C9D60D /* MoneyViewController.m */ = {isa = PBXFileReference; fileEncoding = 4; lastKnownFileType = sourcecode.c.objc; path = MoneyViewController.m; sourceTree = "<group>"; };
		D715EAFD16D2763900C9D60D /* QiuViewController.h */ = {isa = PBXFileReference; fileEncoding = 4; lastKnownFileType = sourcecode.c.h; path = QiuViewController.h; sourceTree = "<group>"; };
		D715EAFE16D2763900C9D60D /* QiuViewController.m */ = {isa = PBXFileReference; fileEncoding = 4; lastKnownFileType = sourcecode.c.objc; path = QiuViewController.m; sourceTree = "<group>"; };
		D715EB0016D2764D00C9D60D /* MyViewController.h */ = {isa = PBXFileReference; fileEncoding = 4; lastKnownFileType = sourcecode.c.h; path = MyViewController.h; sourceTree = "<group>"; };
		D715EB0116D2764D00C9D60D /* MyViewController.m */ = {isa = PBXFileReference; fileEncoding = 4; lastKnownFileType = sourcecode.c.objc; path = MyViewController.m; sourceTree = "<group>"; };
		D720654816D22037001A19CA /* ZLZP.app */ = {isa = PBXFileReference; explicitFileType = wrapper.application; includeInIndex = 0; path = ZLZP.app; sourceTree = BUILT_PRODUCTS_DIR; };
		D720654B16D22037001A19CA /* UIKit.framework */ = {isa = PBXFileReference; lastKnownFileType = wrapper.framework; name = UIKit.framework; path = System/Library/Frameworks/UIKit.framework; sourceTree = SDKROOT; };
		D720654D16D22037001A19CA /* Foundation.framework */ = {isa = PBXFileReference; lastKnownFileType = wrapper.framework; name = Foundation.framework; path = System/Library/Frameworks/Foundation.framework; sourceTree = SDKROOT; };
		D720654F16D22037001A19CA /* CoreGraphics.framework */ = {isa = PBXFileReference; lastKnownFileType = wrapper.framework; name = CoreGraphics.framework; path = System/Library/Frameworks/CoreGraphics.framework; sourceTree = SDKROOT; };
		D720655316D22037001A19CA /* ZLZP-Info.plist */ = {isa = PBXFileReference; lastKnownFileType = text.plist.xml; path = "ZLZP-Info.plist"; sourceTree = "<group>"; };
		D720655516D22037001A19CA /* en */ = {isa = PBXFileReference; lastKnownFileType = text.plist.strings; name = en; path = en.lproj/InfoPlist.strings; sourceTree = "<group>"; };
		D720655716D22037001A19CA /* main.m */ = {isa = PBXFileReference; lastKnownFileType = sourcecode.c.objc; path = main.m; sourceTree = "<group>"; };
		D720655916D22037001A19CA /* ZLZP-Prefix.pch */ = {isa = PBXFileReference; lastKnownFileType = sourcecode.c.h; path = "ZLZP-Prefix.pch"; sourceTree = "<group>"; };
		D720655A16D22037001A19CA /* AppDelegate.h */ = {isa = PBXFileReference; lastKnownFileType = sourcecode.c.h; path = AppDelegate.h; sourceTree = "<group>"; };
		D720655B16D22037001A19CA /* AppDelegate.m */ = {isa = PBXFileReference; lastKnownFileType = sourcecode.c.objc; path = AppDelegate.m; sourceTree = "<group>"; };
		D720655D16D22037001A19CA /* Default.png */ = {isa = PBXFileReference; lastKnownFileType = image.png; path = Default.png; sourceTree = "<group>"; };
		D720655F16D22037001A19CA /* Default@2x.png */ = {isa = PBXFileReference; lastKnownFileType = image.png; path = "Default@2x.png"; sourceTree = "<group>"; };
		D720656116D22037001A19CA /* Default-568h@2x.png */ = {isa = PBXFileReference; lastKnownFileType = image.png; path = "Default-568h@2x.png"; sourceTree = "<group>"; };
		D720656816D2207B001A19CA /* FirstViewController.h */ = {isa = PBXFileReference; fileEncoding = 4; lastKnownFileType = sourcecode.c.h; path = FirstViewController.h; sourceTree = "<group>"; };
		D720656916D2207B001A19CA /* FirstViewController.m */ = {isa = PBXFileReference; fileEncoding = 4; lastKnownFileType = sourcecode.c.objc; path = FirstViewController.m; sourceTree = "<group>"; };
/* End PBXFileReference section */

/* Begin PBXFrameworksBuildPhase section */
		D720654516D22037001A19CA /* Frameworks */ = {
			isa = PBXFrameworksBuildPhase;
			buildActionMask = 2147483647;
			files = (
				D720654C16D22037001A19CA /* UIKit.framework in Frameworks */,
				D720654E16D22037001A19CA /* Foundation.framework in Frameworks */,
				D720655016D22037001A19CA /* CoreGraphics.framework in Frameworks */,
			);
			runOnlyForDeploymentPostprocessing = 0;
		};
/* End PBXFrameworksBuildPhase section */

/* Begin PBXGroup section */
		D720653F16D22036001A19CA = {
			isa = PBXGroup;
			children = (
				D720655116D22037001A19CA /* ZLZP */,
				D720654A16D22037001A19CA /* Frameworks */,
				D720654916D22037001A19CA /* Products */,
			);
			sourceTree = "<group>";
		};
		D720654916D22037001A19CA /* Products */ = {
			isa = PBXGroup;
			children = (
				D720654816D22037001A19CA /* ZLZP.app */,
			);
			name = Products;
			sourceTree = "<group>";
		};
		D720654A16D22037001A19CA /* Frameworks */ = {
			isa = PBXGroup;
			children = (
				D720654B16D22037001A19CA /* UIKit.framework */,
				D720654D16D22037001A19CA /* Foundation.framework */,
				D720654F16D22037001A19CA /* CoreGraphics.framework */,
			);
			name = Frameworks;
			sourceTree = "<group>";
		};
		D720655116D22037001A19CA /* ZLZP */ = {
			isa = PBXGroup;
			children = (
				D720655A16D22037001A19CA /* AppDelegate.h */,
				D720655B16D22037001A19CA /* AppDelegate.m */,
				D715EAF716D275F600C9D60D /* ShiViewController.h */,
				D715EAF816D275F600C9D60D /* ShiViewController.m */,
				D715EAFA16D2760F00C9D60D /* MoneyViewController.h */,
				D715EAFB16D2760F00C9D60D /* MoneyViewController.m */,
				D715EAFD16D2763900C9D60D /* QiuViewController.h */,
				D715EAFE16D2763900C9D60D /* QiuViewController.m */,
				D715EB0016D2764D00C9D60D /* MyViewController.h */,
				D715EB0116D2764D00C9D60D /* MyViewController.m */,
				D720656816D2207B001A19CA /* FirstViewController.h */,
				D720656916D2207B001A19CA /* FirstViewController.m */,
				D720655216D22037001A19CA /* Supporting Files */,
			);
			path = ZLZP;
			sourceTree = "<group>";
		};
		D720655216D22037001A19CA /* Supporting Files */ = {
			isa = PBXGroup;
			children = (
				D720655316D22037001A19CA /* ZLZP-Info.plist */,
				D720655416D22037001A19CA /* InfoPlist.strings */,
				D720655716D22037001A19CA /* main.m */,
				D720655916D22037001A19CA /* ZLZP-Prefix.pch */,
				D720655D16D22037001A19CA /* Default.png */,
				D720655F16D22037001A19CA /* Default@2x.png */,
				D720656116D22037001A19CA /* Default-568h@2x.png */,
			);
			name = "Supporting Files";
			sourceTree = "<group>";
		};
/* End PBXGroup section */

/* Begin PBXNativeTarget section */
		D720654716D22037001A19CA /* ZLZP */ = {
			isa = PBXNativeTarget;
			buildConfigurationList = D720656516D22037001A19CA /* Build configuration list for PBXNativeTarget "ZLZP" */;
			buildPhases = (
				D720654416D22037001A19CA /* Sources */,
				D720654516D22037001A19CA /* Frameworks */,
				D720654616D22037001A19CA /* Resources */,
			);
			buildRules = (
			);
			dependencies = (
			);
			name = ZLZP;
			productName = ZLZP;
			productReference = D720654816D22037001A19CA /* ZLZP.app */;
			productType = "com.apple.product-type.application";
		};
/* End PBXNativeTarget section */

/* Begin PBXProject section */
		D720654016D22037001A19CA /* Project object */ = {
			isa = PBXProject;
			attributes = {
				LastUpgradeCheck = 0460;
				ORGANIZATIONNAME = "曲超杰";
			};
			buildConfigurationList = D720654316D22037001A19CA /* Build configuration list for PBXProject "ZLZP" */;
			compatibilityVersion = "Xcode 3.2";
			developmentRegion = English;
			hasScannedForEncodings = 0;
			knownRegions = (
				en,
			);
			mainGroup = D720653F16D22036001A19CA;
			productRefGroup = D720654916D22037001A19CA /* Products */;
			projectDirPath = "";
			projectRoot = "";
			targets = (
				D720654716D22037001A19CA /* ZLZP */,
			);
		};
/* End PBXProject section */

/* Begin PBXResourcesBuildPhase section */
		D720654616D22037001A19CA /* Resources */ = {
			isa = PBXResourcesBuildPhase;
			buildActionMask = 2147483647;
			files = (
				D720655616D22037001A19CA /* InfoPlist.strings in Resources */,
				D720655E16D22037001A19CA /* Default.png in Resources */,
				D720656016D22037001A19CA /* Default@2x.png in Resources */,
				D720656216D22037001A19CA /* Default-568h@2x.png in Resources */,
			);
			runOnlyForDeploymentPostprocessing = 0;
		};
/* End PBXResourcesBuildPhase section */

/* Begin PBXSourcesBuildPhase section */
		D720654416D22037001A19CA /* Sources */ = {
			isa = PBXSourcesBuildPhase;
			buildActionMask = 2147483647;
			files = (
				D720655816D22037001A19CA /* main.m in Sources */,
				D720655C16D22037001A19CA /* AppDelegate.m in Sources */,
				D720656A16D2207B001A19CA /* FirstViewController.m in Sources */,
				D715EAF916D275F600C9D60D /* ShiViewController.m in Sources */,
				D715EAFC16D2760F00C9D60D /* MoneyViewController.m in Sources */,
				D715EAFF16D2763900C9D60D /* QiuViewController.m in Sources */,
				D715EB0216D2764D00C9D60D /* MyViewController.m in Sources */,
			);
			runOnlyForDeploymentPostprocessing = 0;
		};
/* End PBXSourcesBuildPhase section */

/* Begin PBXVariantGroup section */
		D720655416D22037001A19CA /* InfoPlist.strings */ = {
			isa = PBXVariantGroup;
			children = (
				D720655516D22037001A19CA /* en */,
			);
			name = InfoPlist.strings;
			sourceTree = "<group>";
		};
/* End PBXVariantGroup section */

/* Begin XCBuildConfiguration section */
		D720656316D22037001A19CA /* Debug */ = {
			isa = XCBuildConfiguration;
			buildSettings = {
				ALWAYS_SEARCH_USER_PATHS = NO;
				CLANG_CXX_LANGUAGE_STANDARD = "gnu++0x";
				CLANG_CXX_LIBRARY = "libc++";
				CLANG_WARN_CONSTANT_CONVERSION = YES;
				CLANG_WARN_EMPTY_BODY = YES;
				CLANG_WARN_ENUM_CONVERSION = YES;
				CLANG_WARN_INT_CONVERSION = YES;
				CLANG_WARN__DUPLICATE_METHOD_MATCH = YES;
				"CODE_SIGN_IDENTITY[sdk=iphoneos*]" = "iPhone Developer";
				COPY_PHASE_STRIP = NO;
				GCC_C_LANGUAGE_STANDARD = gnu99;
				GCC_DYNAMIC_NO_PIC = NO;
				GCC_OPTIMIZATION_LEVEL = 0;
				GCC_PREPROCESSOR_DEFINITIONS = (
					"DEBUG=1",
					"$(inherited)",
				);
				GCC_SYMBOLS_PRIVATE_EXTERN = NO;
				GCC_WARN_ABOUT_RETURN_TYPE = YES;
				GCC_WARN_UNINITIALIZED_AUTOS = YES;
				GCC_WARN_UNUSED_VARIABLE = YES;
				IPHONEOS_DEPLOYMENT_TARGET = 6.1;
				ONLY_ACTIVE_ARCH = YES;
				SDKROOT = iphoneos;
			};
			name = Debug;
		};
		D720656416D22037001A19CA /* Release */ = {
			isa = XCBuildConfiguration;
			buildSettings = {
				ALWAYS_SEARCH_USER_PATHS = NO;
				CLANG_CXX_LANGUAGE_STANDARD = "gnu++0x";
				CLANG_CXX_LIBRARY = "libc++";
				CLANG_WARN_CONSTANT_CONVERSION = YES;
				CLANG_WARN_EMPTY_BODY = YES;
				CLANG_WARN_ENUM_CONVERSION = YES;
				CLANG_WARN_INT_CONVERSION = YES;
				CLANG_WARN__DUPLICATE_METHOD_MATCH = YES;
				"CODE_SIGN_IDENTITY[sdk=iphoneos*]" = "iPhone Developer";
				COPY_PHASE_STRIP = YES;
				GCC_C_LANGUAGE_STANDARD = gnu99;
				GCC_WARN_ABOUT_RETURN_TYPE = YES;
				GCC_WARN_UNINITIALIZED_AUTOS = YES;
				GCC_WARN_UNUSED_VARIABLE = YES;
				IPHONEOS_DEPLOYMENT_TARGET = 6.1;
				OTHER_CFLAGS = "-DNS_BLOCK_ASSERTIONS=1";
				SDKROOT = iphoneos;
				VALIDATE_PRODUCT = YES;
			};
			name = Release;
		};
		D720656616D22037001A19CA /* Debug */ = {
			isa = XCBuildConfiguration;
			buildSettings = {
				GCC_PRECOMPILE_PREFIX_HEADER = YES;
				GCC_PREFIX_HEADER = "ZLZP/ZLZP-Prefix.pch";
				INFOPLIST_FILE = "ZLZP/ZLZP-Info.plist";
				PRODUCT_NAME = "$(TARGET_NAME)";
				WRAPPER_EXTENSION = app;
			};
			name = Debug;
		};
		D720656716D22037001A19CA /* Release */ = {
			isa = XCBuildConfiguration;
			buildSettings = {
				GCC_PRECOMPILE_PREFIX_HEADER = YES;
				GCC_PREFIX_HEADER = "ZLZP/ZLZP-Prefix.pch";
				INFOPLIST_FILE = "ZLZP/ZLZP-Info.plist";
				PRODUCT_NAME = "$(TARGET_NAME)";
				WRAPPER_EXTENSION = app;
			};
			name = Release;
		};
/* End XCBuildConfiguration section */

/* Begin XCConfigurationList section */
		D720654316D22037001A19CA /* Build configuration list for PBXProject "ZLZP" */ = {
			isa = XCConfigurationList;
			buildConfigurations = (
				D720656316D22037001A19CA /* Debug */,
				D720656416D22037001A19CA /* Release */,
			);
			defaultConfigurationIsVisible = 0;
			defaultConfigurationName = Release;
		};
		D720656516D22037001A19CA /* Build configuration list for PBXNativeTarget "ZLZP" */ = {
			isa = XCConfigurationList;
			buildConfigurations = (
				D720656616D22037001A19CA /* Debug */,
				D720656716D22037001A19CA /* Release */,
			);
			defaultConfigurationIsVisible = 0;
			defaultConfigurationName = Release;
		};
/* End XCConfigurationList section */
	};
	rootObject = D720654016D22037001A19CA /* Project object */;
}
